
Microsoft Visual Studio Solution File, Format Version 12.00
# Visual Studio 15
Project("{FAE04EC0-301F-11D3-BF4B-00C04F79EFBC}") = "Application001", "Application001\Application001.csproj", "{073F9885-18EC-4C24-A6E7-DC95535A77C1}"
EndProject
Global
	GlobalSection(SolutionConfigurationPlatforms) = preSolution
		Debug|anycpu = Debug|anycpu
		Release|anycpu = Release|anycpu
	EndGlobalSection
	GlobalSection(ProjectConfigurationPlatforms) = postSolution
		{073F9885-18EC-4C24-A6E7-DC95535A77C1}.Debug|anycpu.ActiveCfg = Debug|anycpu
		{073F9885-18EC-4C24-A6E7-DC95535A77C1}.Debug|anycpu.Build.0 = Debug|anycpu
		{073F9885-18EC-4C24-A6E7-DC95535A77C1}.Release|anycpu.ActiveCfg = Release|anycpu
		{073F9885-18EC-4C24-A6E7-DC95535A77C1}.Release|anycpu.Build.0 = Release|anycpu
	EndGlobalSection
EndGlobal
